# THIS IS AN AUTOGENERATED FILE. DO NOT EDIT THIS FILE DIRECTLY.
# yarn lockfile v1


jstoolmax@^1.0.8:
  version "1.0.8"
  resolved "https://registry.yarnpkg.com/jstoolmax/-/jstoolmax-1.0.8.tgz#5fdd12b827875c04b4d6462356411e470a68d2ca"
  integrity sha512-3SYBM8grDjDwlG2I/mTn2Bn5jqs60xoXhDtJI07q9WmN6BXn452kAi6wkwby0YxEfTepFLtzaUtywvg2Wd/SdQ==
