# THIS IS AN AUTOGENERATED FILE. DO NOT EDIT THIS FILE DIRECTLY.
# yarn lockfile v1


"@swc/core-darwin-arm64@1.7.26":
  version "1.7.26"
  resolved "https://registry.yarnpkg.com/@swc/core-darwin-arm64/-/core-darwin-arm64-1.7.26.tgz#5f4096c00e71771ca1b18c824f0c92a052c70760"
  integrity sha512-FF3CRYTg6a7ZVW4yT9mesxoVVZTrcSWtmZhxKCYJX9brH4CS/7PRPjAKNk6kzWgWuRoglP7hkjQcd6EpMcZEAw==

"@swc/core-darwin-x64@1.7.26":
  version "1.7.26"
  resolved "https://registry.yarnpkg.com/@swc/core-darwin-x64/-/core-darwin-x64-1.7.26.tgz#867b7a4f094e6b64201090ca5fcbf3da7d0f3e22"
  integrity sha512-az3cibZdsay2HNKmc4bjf62QVukuiMRh5sfM5kHR/JMTrLyS6vSw7Ihs3UTkZjUxkLTT8ro54LI6sV6sUQUbLQ==

"@swc/core-linux-arm-gnueabihf@1.7.26":
  version "1.7.26"
  resolved "https://registry.yarnpkg.com/@swc/core-linux-arm-gnueabihf/-/core-linux-arm-gnueabihf-1.7.26.tgz#35bb43894def296d92aaa2cc9372d48042f37777"
  integrity sha512-VYPFVJDO5zT5U3RpCdHE5v1gz4mmR8BfHecUZTmD2v1JeFY6fv9KArJUpjrHEEsjK/ucXkQFmJ0jaiWXmpOV9Q==

"@swc/core-linux-arm64-gnu@1.7.26":
  version "1.7.26"
  resolved "https://registry.yarnpkg.com/@swc/core-linux-arm64-gnu/-/core-linux-arm64-gnu-1.7.26.tgz#8e2321cc4ec84cbfed8f8e16ff1ed7b854450443"
  integrity sha512-YKevOV7abpjcAzXrhsl+W48Z9mZvgoVs2eP5nY+uoMAdP2b3GxC0Df1Co0I90o2lkzO4jYBpTMcZlmUXLdXn+Q==

"@swc/core-linux-arm64-musl@1.7.26":
  version "1.7.26"
  resolved "https://registry.yarnpkg.com/@swc/core-linux-arm64-musl/-/core-linux-arm64-musl-1.7.26.tgz#b1c16e4b23ffa9ff19973eda6ffee35d2a7de7b0"
  integrity sha512-3w8iZICMkQQON0uIcvz7+Q1MPOW6hJ4O5ETjA0LSP/tuKqx30hIniCGOgPDnv3UTMruLUnQbtBwVCZTBKR3Rkg==

"@swc/core-linux-x64-gnu@1.7.26":
  version "1.7.26"
  resolved "https://registry.yarnpkg.com/@swc/core-linux-x64-gnu/-/core-linux-x64-gnu-1.7.26.tgz#388e2cc13a010cd28787aead2cecf31eb491836d"
  integrity sha512-c+pp9Zkk2lqb06bNGkR2Looxrs7FtGDMA4/aHjZcCqATgp348hOKH5WPvNLBl+yPrISuWjbKDVn3NgAvfvpH4w==

"@swc/core-linux-x64-musl@1.7.26":
  version "1.7.26"
  resolved "https://registry.yarnpkg.com/@swc/core-linux-x64-musl/-/core-linux-x64-musl-1.7.26.tgz#51e0ff30981f26d7a5b97a7a7b5b291bad050d1a"
  integrity sha512-PgtyfHBF6xG87dUSSdTJHwZ3/8vWZfNIXQV2GlwEpslrOkGqy+WaiiyE7Of7z9AvDILfBBBcJvJ/r8u980wAfQ==

"@swc/core-win32-arm64-msvc@1.7.26":
  version "1.7.26"
  resolved "https://registry.yarnpkg.com/@swc/core-win32-arm64-msvc/-/core-win32-arm64-msvc-1.7.26.tgz#a7fdcc4074c34ee6a026506b594d00323383c11f"
  integrity sha512-9TNXPIJqFynlAOrRD6tUQjMq7KApSklK3R/tXgIxc7Qx+lWu8hlDQ/kVPLpU7PWvMMwC/3hKBW+p5f+Tms1hmA==

"@swc/core-win32-ia32-msvc@1.7.26":
  version "1.7.26"
  resolved "https://registry.yarnpkg.com/@swc/core-win32-ia32-msvc/-/core-win32-ia32-msvc-1.7.26.tgz#ae7be6dde798eebee2000b8fd84e01a439b5bd6a"
  integrity sha512-9YngxNcG3177GYdsTum4V98Re+TlCeJEP4kEwEg9EagT5s3YejYdKwVAkAsJszzkXuyRDdnHUpYbTrPG6FiXrQ==

"@swc/core-win32-x64-msvc@1.7.26":
  version "1.7.26"
  resolved "https://registry.yarnpkg.com/@swc/core-win32-x64-msvc/-/core-win32-x64-msvc-1.7.26.tgz#310d607004d7319085a4dec20c0c38c3405cc05b"
  integrity sha512-VR+hzg9XqucgLjXxA13MtV5O3C0bK0ywtLIBw/+a+O+Oc6mxFWHtdUeXDbIi5AiPbn0fjgVJMqYnyjGyyX8u0w==

"@swc/core@^1.7.26":
  version "1.7.26"
  resolved "https://registry.yarnpkg.com/@swc/core/-/core-1.7.26.tgz#beda9b82063fcec7b56c958804a4d175aecf9a9d"
  integrity sha512-f5uYFf+TmMQyYIoxkn/evWhNGuUzC730dFwAKGwBVHHVoPyak1/GvJUm6i1SKl+2Hrj9oN0i3WSoWWZ4pgI8lw==
  dependencies:
    "@swc/counter" "^0.1.3"
    "@swc/types" "^0.1.12"
  optionalDependencies:
    "@swc/core-darwin-arm64" "1.7.26"
    "@swc/core-darwin-x64" "1.7.26"
    "@swc/core-linux-arm-gnueabihf" "1.7.26"
    "@swc/core-linux-arm64-gnu" "1.7.26"
    "@swc/core-linux-arm64-musl" "1.7.26"
    "@swc/core-linux-x64-gnu" "1.7.26"
    "@swc/core-linux-x64-musl" "1.7.26"
    "@swc/core-win32-arm64-msvc" "1.7.26"
    "@swc/core-win32-ia32-msvc" "1.7.26"
    "@swc/core-win32-x64-msvc" "1.7.26"

"@swc/counter@^0.1.3":
  version "0.1.3"
  resolved "https://registry.yarnpkg.com/@swc/counter/-/counter-0.1.3.tgz#cc7463bd02949611c6329596fccd2b0ec782b0e9"
  integrity sha512-e2BR4lsJkkRlKZ/qCHPw9ZaSxc0MVUd7gtbtaB7aMvHeJVYe8sOB8DBZkP2DtISHGSku9sCK6T6cnY0CtXrOCQ==

"@swc/types@^0.1.12":
  version "0.1.12"
  resolved "https://registry.yarnpkg.com/@swc/types/-/types-0.1.12.tgz#7f632c06ab4092ce0ebd046ed77ff7557442282f"
  integrity sha512-wBJA+SdtkbFhHjTMYH+dEH1y4VpfGdAc2Kw/LK09i9bXd/K6j6PkDcFCEzb6iVfZMkPRrl/q0e3toqTAJdkIVA==
  dependencies:
    "@swc/counter" "^0.1.3"
